
Microsoft Visual Studio Solution File, Format Version 12.00
# Visual Studio Version 16
VisualStudioVersion = 16.0.33920.266
MinimumVisualStudioVersion = 10.0.40219.1
Project("{FAE04EC0-301F-11D3-BF4B-00C04F79EFBC}") = "Делегаты (задание 4)", "Делегаты (задание 4).csproj", "{89A88B77-9FCA-4A6B-9F65-CF06C21A185B}"
EndProject
Global
	GlobalSection(SolutionConfigurationPlatforms) = preSolution
		Debug|Any CPU = Debug|Any CPU
		Release|Any CPU = Release|Any CPU
	EndGlobalSection
	GlobalSection(ProjectConfigurationPlatforms) = postSolution
		{89A88B77-9FCA-4A6B-9F65-CF06C21A185B}.Debug|Any CPU.ActiveCfg = Debug|Any CPU
		{89A88B77-9FCA-4A6B-9F65-CF06C21A185B}.Debug|Any CPU.Build.0 = Debug|Any CPU
		{89A88B77-9FCA-4A6B-9F65-CF06C21A185B}.Release|Any CPU.ActiveCfg = Release|Any CPU
		{89A88B77-9FCA-4A6B-9F65-CF06C21A185B}.Release|Any CPU.Build.0 = Release|Any CPU
	EndGlobalSection
	GlobalSection(SolutionProperties) = preSolution
		HideSolutionNode = FALSE
	EndGlobalSection
	GlobalSection(ExtensibilityGlobals) = postSolution
		SolutionGuid = {4C1F1DE6-7B7F-4359-8113-82315B76284B}
	EndGlobalSection
EndGlobal
